
Microsoft Visual Studio Solution File, Format Version 11.00
# Visual Studio 2010
Project("{FAE04EC0-301F-11D3-BF4B-00C04F79EFBC}") = "UnityEngine.UI", "UnityEngine.UI.csproj", "{45e35499-f7b0-890b-6c15-a1af17c0c36d}"
EndProject
Project("{FAE04EC0-301F-11D3-BF4B-00C04F79EFBC}") = "UnityEngine.TestRunner", "UnityEngine.TestRunner.csproj", "{7a5582fe-3214-0225-7563-9b30974d14f4}"
EndProject
Project("{FAE04EC0-301F-11D3-BF4B-00C04F79EFBC}") = "Unity.Services.Core.Telemetry", "Unity.Services.Core.Telemetry.csproj", "{a49f658a-805f-241c-0da2-485a98b3fb22}"
EndProject
Project("{FAE04EC0-301F-11D3-BF4B-00C04F79EFBC}") = "Unity.VisualScripting.State", "Unity.VisualScripting.State.csproj", "{20a4f6a4-4ea8-fb34-8124-dc015b2d945d}"
EndProject
Project("{FAE04EC0-301F-11D3-BF4B-00C04F79EFBC}") = "Unity.VisualScripting.Flow", "Unity.VisualScripting.Flow.csproj", "{6fdc2bc4-70a0-f40f-5521-815f8b2f5afc}"
EndProject
Project("{FAE04EC0-301F-11D3-BF4B-00C04F79EFBC}") = "Unity.VisualScripting.Core", "Unity.VisualScripting.Core.csproj", "{eedccdae-f392-5373-cfcc-5e7db1f29d6a}"
EndProject
Project("{FAE04EC0-301F-11D3-BF4B-00C04F79EFBC}") = "Unity.Services.Core.Environments.Internal", "Unity.Services.Core.Environments.Internal.csproj", "{ab2dce18-ee8c-8deb-0212-5002d58eff21}"
EndProject
Project("{FAE04EC0-301F-11D3-BF4B-00C04F79EFBC}") = "Unity.TextMeshPro", "Unity.TextMeshPro.csproj", "{4cb6556a-6b64-d1bd-902e-e86bafef76b8}"
EndProject
Project("{FAE04EC0-301F-11D3-BF4B-00C04F79EFBC}") = "Unity.Services.Core.Environments", "Unity.Services.Core.Environments.csproj", "{3ac2e233-1243-2ce9-94d6-c1c26cffb66c}"
EndProject
Project("{FAE04EC0-301F-11D3-BF4B-00C04F79EFBC}") = "Unity.Services.Core.Internal", "Unity.Services.Core.Internal.csproj", "{bcad700e-4ea2-b9a4-21b1-2593bf209894}"
EndProject
Project("{FAE04EC0-301F-11D3-BF4B-00C04F79EFBC}") = "Unity.Timeline", "Unity.Timeline.csproj", "{50a42804-6da6-c84e-9195-dba7fcb2eb9e}"
EndProject
Project("{FAE04EC0-301F-11D3-BF4B-00C04F79EFBC}") = "Unity.Services.Core.Scheduler", "Unity.Services.Core.Scheduler.csproj", "{7fc3b321-35a8-2ec0-1ed2-58bc0e7f0d44}"
EndProject
Project("{FAE04EC0-301F-11D3-BF4B-00C04F79EFBC}") = "Unity.Services.Core.Device", "Unity.Services.Core.Device.csproj", "{9369eb8f-197f-0dd1-af2d-5b756d1ef3f9}"
EndProject
Project("{FAE04EC0-301F-11D3-BF4B-00C04F79EFBC}") = "Unity.Services.Core.Analytics", "Unity.Services.Core.Analytics.csproj", "{5272ffc4-b0c4-80b2-b39b-8a2b2c3d601c}"
EndProject
Project("{FAE04EC0-301F-11D3-BF4B-00C04F79EFBC}") = "Assembly-CSharp", "Assembly-CSharp.csproj", "{517e215d-0fde-23dc-318b-c8eaf632ebcc}"
EndProject
Project("{FAE04EC0-301F-11D3-BF4B-00C04F79EFBC}") = "Unity.Services.Core.Configuration", "Unity.Services.Core.Configuration.csproj", "{fd7f2b0c-60cb-a37f-58d5-2a5b1db609ca}"
EndProject
Project("{FAE04EC0-301F-11D3-BF4B-00C04F79EFBC}") = "Unity.Services.Core.Threading", "Unity.Services.Core.Threading.csproj", "{1eca23c3-2372-065a-cabf-8955d1e15050}"
EndProject
Project("{FAE04EC0-301F-11D3-BF4B-00C04F79EFBC}") = "Unity.Services.Core", "Unity.Services.Core.csproj", "{a772ff01-55de-32a4-2ae3-4648233ba5a2}"
EndProject
Project("{FAE04EC0-301F-11D3-BF4B-00C04F79EFBC}") = "Unity.Services.Core.Networking", "Unity.Services.Core.Networking.csproj", "{c5552e71-a22d-7028-9a28-b989c9848ee2}"
EndProject
Project("{FAE04EC0-301F-11D3-BF4B-00C04F79EFBC}") = "Unity.Services.Core.Registration", "Unity.Services.Core.Registration.csproj", "{09ec0cac-c016-324b-0493-6bf9822d2f73}"
EndProject
Project("{FAE04EC0-301F-11D3-BF4B-00C04F79EFBC}") = "Unity.PlasticSCM.Editor", "Unity.PlasticSCM.Editor.csproj", "{7718c950-d33c-e5b6-989b-1be8240323b8}"
EndProject
Project("{FAE04EC0-301F-11D3-BF4B-00C04F79EFBC}") = "Unity.VisualScripting.Core.Editor", "Unity.VisualScripting.Core.Editor.csproj", "{6c306a54-e0a1-4b5c-77c4-9bf2298cec5f}"
EndProject
Project("{FAE04EC0-301F-11D3-BF4B-00C04F79EFBC}") = "Unity.Timeline.Editor", "Unity.Timeline.Editor.csproj", "{182c1b5e-6659-fcf0-1909-ddda65c2c5de}"
EndProject
Project("{FAE04EC0-301F-11D3-BF4B-00C04F79EFBC}") = "Unity.TextMeshPro.Editor", "Unity.TextMeshPro.Editor.csproj", "{4c72d5c7-9b5c-42fb-3f06-181e664d2d31}"
EndProject
Project("{FAE04EC0-301F-11D3-BF4B-00C04F79EFBC}") = "Unity.VisualScripting.SettingsProvider.Editor", "Unity.VisualScripting.SettingsProvider.Editor.csproj", "{ba61d501-0008-89ea-8bf1-e70cb9ffaf65}"
EndProject
Project("{FAE04EC0-301F-11D3-BF4B-00C04F79EFBC}") = "UnityEditor.TestRunner", "UnityEditor.TestRunner.csproj", "{1f970eca-c24b-e13a-3cdf-7e8ea19b7465}"
EndProject
Project("{FAE04EC0-301F-11D3-BF4B-00C04F79EFBC}") = "Unity.TestTools.CodeCoverage.Editor", "Unity.TestTools.CodeCoverage.Editor.csproj", "{522b336f-ed04-8990-a562-7b5282e67b1d}"
EndProject
Project("{FAE04EC0-301F-11D3-BF4B-00C04F79EFBC}") = "Unity.VisualScripting.Flow.Editor", "Unity.VisualScripting.Flow.Editor.csproj", "{7d772b9f-9721-6549-1a9f-92eb9840dfa0}"
EndProject
Project("{FAE04EC0-301F-11D3-BF4B-00C04F79EFBC}") = "Unity.Rider.Editor", "Unity.Rider.Editor.csproj", "{15c302a5-9c62-5491-d626-cd7cbf9fc08a}"
EndProject
Project("{FAE04EC0-301F-11D3-BF4B-00C04F79EFBC}") = "Unity.CollabProxy.Editor", "Unity.CollabProxy.Editor.csproj", "{2b1ab5e3-8e6c-2a69-b257-e8e5dbace584}"
EndProject
Project("{FAE04EC0-301F-11D3-BF4B-00C04F79EFBC}") = "Unity.Performance.Profile-Analyzer.Editor", "Unity.Performance.Profile-Analyzer.Editor.csproj", "{f56f7841-f1b1-5299-b4ca-1fbb6856ee84}"
EndProject
Project("{FAE04EC0-301F-11D3-BF4B-00C04F79EFBC}") = "Unity.Services.Core.Editor", "Unity.Services.Core.Editor.csproj", "{f9d007cb-de13-3721-a3fc-dc3b54435a10}"
EndProject
Project("{FAE04EC0-301F-11D3-BF4B-00C04F79EFBC}") = "Unity.VSCode.Editor", "Unity.VSCode.Editor.csproj", "{33fd8b30-632c-57ee-6118-5441601b1dac}"
EndProject
Project("{FAE04EC0-301F-11D3-BF4B-00C04F79EFBC}") = "Unity.VisualStudio.Editor", "Unity.VisualStudio.Editor.csproj", "{4ca8adb0-6039-037f-fae3-77835e32e7bf}"
EndProject
Project("{FAE04EC0-301F-11D3-BF4B-00C04F79EFBC}") = "Unity.TestTools.CodeCoverage.Editor.OpenCover.Model", "Unity.TestTools.CodeCoverage.Editor.OpenCover.Model.csproj", "{1811b0d0-a12c-a7c0-4f23-de4910340219}"
EndProject
Project("{FAE04EC0-301F-11D3-BF4B-00C04F79EFBC}") = "Unity.Settings.Editor", "Unity.Settings.Editor.csproj", "{25a7845a-84f0-7cb5-a992-629b52025b6d}"
EndProject
Project("{FAE04EC0-301F-11D3-BF4B-00C04F79EFBC}") = "Unity.VisualScripting.State.Editor", "Unity.VisualScripting.State.Editor.csproj", "{b60dbed8-c62a-b278-6d75-f885a3c14ba5}"
EndProject
Project("{FAE04EC0-301F-11D3-BF4B-00C04F79EFBC}") = "UnityEditor.UI", "UnityEditor.UI.csproj", "{18a4f885-868b-7714-9c75-ed06e9b503c0}"
EndProject
Project("{FAE04EC0-301F-11D3-BF4B-00C04F79EFBC}") = "Unity.Services.Core.Configuration.Editor", "Unity.Services.Core.Configuration.Editor.csproj", "{5334030c-bf93-d432-7207-5c60f61fe77f}"
EndProject
Project("{FAE04EC0-301F-11D3-BF4B-00C04F79EFBC}") = "Unity.TestTools.CodeCoverage.Editor.OpenCover.Mono.Reflection", "Unity.TestTools.CodeCoverage.Editor.OpenCover.Mono.Reflection.csproj", "{92af0114-0ac2-4fb9-24f1-e901ca31afb9}"
EndProject
Project("{FAE04EC0-301F-11D3-BF4B-00C04F79EFBC}") = "Unity.EditorCoroutines.Editor", "Unity.EditorCoroutines.Editor.csproj", "{5d275d54-9775-002a-2833-e4de9a9cfad8}"
EndProject
Project("{FAE04EC0-301F-11D3-BF4B-00C04F79EFBC}") = "Unity.VisualScripting.Shared.Editor", "Unity.VisualScripting.Shared.Editor.csproj", "{7036e65a-096b-61b4-620b-e166735dd37e}"
EndProject
Project("{FAE04EC0-301F-11D3-BF4B-00C04F79EFBC}") = "UnityEngine.UI.Tests", "UnityEngine.UI.Tests.csproj", "{c1641ac6-2545-2692-ee97-1c0e3326668f}"
EndProject
Project("{FAE04EC0-301F-11D3-BF4B-00C04F79EFBC}") = "UnityEditor.UI.EditorTests", "UnityEditor.UI.EditorTests.csproj", "{f0c955f3-d336-bc90-b426-a3e96970592d}"
EndProject
Project("{FAE04EC0-301F-11D3-BF4B-00C04F79EFBC}") = "Unity.TextMeshPro.Tests", "Unity.TextMeshPro.Tests.csproj", "{deccb4a3-4d64-ac42-26c1-af94d49b4673}"
EndProject
Project("{FAE04EC0-301F-11D3-BF4B-00C04F79EFBC}") = "DocCodeExamples", "DocCodeExamples.csproj", "{d944f154-eee7-216c-9b25-457d47bed578}"
EndProject
Project("{FAE04EC0-301F-11D3-BF4B-00C04F79EFBC}") = "Unity.TestTools.CodeCoverage.Editor.Compatibility", "Unity.TestTools.CodeCoverage.Editor.Compatibility.csproj", "{3d86ef78-638a-7a9c-43d4-6321525c8fb3}"
EndProject
Project("{FAE04EC0-301F-11D3-BF4B-00C04F79EFBC}") = "Unity.TextMeshPro.Editor.Tests", "Unity.TextMeshPro.Editor.Tests.csproj", "{bacaa2bd-0f75-d7a1-9ea8-f3ea68fe822d}"
EndProject
Project("{FAE04EC0-301F-11D3-BF4B-00C04F79EFBC}") = "Unity.Settings.Tests", "Unity.Settings.Tests.csproj", "{97af4cf3-7d23-113d-6c2d-f4e0342a6299}"
EndProject
Project("{FAE04EC0-301F-11D3-BF4B-00C04F79EFBC}") = "Unity.Performance.Profile-Analyzer.EditorTests", "Unity.Performance.Profile-Analyzer.EditorTests.csproj", "{fbee5c4e-5ed6-12fa-466e-8a6a7b74decc}"
EndProject
Global
	GlobalSection(SolutionConfigurationPlatforms) = preSolution
		Debug|Any CPU = Debug|Any CPU
	EndGlobalSection
	GlobalSection(ProjectConfigurationPlatforms) = postSolution
		{45e35499-f7b0-890b-6c15-a1af17c0c36d}.Debug|Any CPU.ActiveCfg = Debug|Any CPU
		{45e35499-f7b0-890b-6c15-a1af17c0c36d}.Debug|Any CPU.Build.0 = Debug|Any CPU
		{7a5582fe-3214-0225-7563-9b30974d14f4}.Debug|Any CPU.ActiveCfg = Debug|Any CPU
		{7a5582fe-3214-0225-7563-9b30974d14f4}.Debug|Any CPU.Build.0 = Debug|Any CPU
		{a49f658a-805f-241c-0da2-485a98b3fb22}.Debug|Any CPU.ActiveCfg = Debug|Any CPU
		{a49f658a-805f-241c-0da2-485a98b3fb22}.Debug|Any CPU.Build.0 = Debug|Any CPU
		{20a4f6a4-4ea8-fb34-8124-dc015b2d945d}.Debug|Any CPU.ActiveCfg = Debug|Any CPU
		{20a4f6a4-4ea8-fb34-8124-dc015b2d945d}.Debug|Any CPU.Build.0 = Debug|Any CPU
		{6fdc2bc4-70a0-f40f-5521-815f8b2f5afc}.Debug|Any CPU.ActiveCfg = Debug|Any CPU
		{6fdc2bc4-70a0-f40f-5521-815f8b2f5afc}.Debug|Any CPU.Build.0 = Debug|Any CPU
		{eedccdae-f392-5373-cfcc-5e7db1f29d6a}.Debug|Any CPU.ActiveCfg = Debug|Any CPU
		{eedccdae-f392-5373-cfcc-5e7db1f29d6a}.Debug|Any CPU.Build.0 = Debug|Any CPU
		{ab2dce18-ee8c-8deb-0212-5002d58eff21}.Debug|Any CPU.ActiveCfg = Debug|Any CPU
		{ab2dce18-ee8c-8deb-0212-5002d58eff21}.Debug|Any CPU.Build.0 = Debug|Any CPU
		{4cb6556a-6b64-d1bd-902e-e86bafef76b8}.Debug|Any CPU.ActiveCfg = Debug|Any CPU
		{4cb6556a-6b64-d1bd-902e-e86bafef76b8}.Debug|Any CPU.Build.0 = Debug|Any CPU
		{3ac2e233-1243-2ce9-94d6-c1c26cffb66c}.Debug|Any CPU.ActiveCfg = Debug|Any CPU
		{3ac2e233-1243-2ce9-94d6-c1c26cffb66c}.Debug|Any CPU.Build.0 = Debug|Any CPU
		{bcad700e-4ea2-b9a4-21b1-2593bf209894}.Debug|Any CPU.ActiveCfg = Debug|Any CPU
		{bcad700e-4ea2-b9a4-21b1-2593bf209894}.Debug|Any CPU.Build.0 = Debug|Any CPU
		{50a42804-6da6-c84e-9195-dba7fcb2eb9e}.Debug|Any CPU.ActiveCfg = Debug|Any CPU
		{50a42804-6da6-c84e-9195-dba7fcb2eb9e}.Debug|Any CPU.Build.0 = Debug|Any CPU
		{7fc3b321-35a8-2ec0-1ed2-58bc0e7f0d44}.Debug|Any CPU.ActiveCfg = Debug|Any CPU
		{7fc3b321-35a8-2ec0-1ed2-58bc0e7f0d44}.Debug|Any CPU.Build.0 = Debug|Any CPU
		{9369eb8f-197f-0dd1-af2d-5b756d1ef3f9}.Debug|Any CPU.ActiveCfg = Debug|Any CPU
		{9369eb8f-197f-0dd1-af2d-5b756d1ef3f9}.Debug|Any CPU.Build.0 = Debug|Any CPU
		{5272ffc4-b0c4-80b2-b39b-8a2b2c3d601c}.Debug|Any CPU.ActiveCfg = Debug|Any CPU
		{5272ffc4-b0c4-80b2-b39b-8a2b2c3d601c}.Debug|Any CPU.Build.0 = Debug|Any CPU
		{517e215d-0fde-23dc-318b-c8eaf632ebcc}.Debug|Any CPU.ActiveCfg = Debug|Any CPU
		{517e215d-0fde-23dc-318b-c8eaf632ebcc}.Debug|Any CPU.Build.0 = Debug|Any CPU
		{fd7f2b0c-60cb-a37f-58d5-2a5b1db609ca}.Debug|Any CPU.ActiveCfg = Debug|Any CPU
		{fd7f2b0c-60cb-a37f-58d5-2a5b1db609ca}.Debug|Any CPU.Build.0 = Debug|Any CPU
		{1eca23c3-2372-065a-cabf-8955d1e15050}.Debug|Any CPU.ActiveCfg = Debug|Any CPU
		{1eca23c3-2372-065a-cabf-8955d1e15050}.Debug|Any CPU.Build.0 = Debug|Any CPU
		{a772ff01-55de-32a4-2ae3-4648233ba5a2}.Debug|Any CPU.ActiveCfg = Debug|Any CPU
		{a772ff01-55de-32a4-2ae3-4648233ba5a2}.Debug|Any CPU.Build.0 = Debug|Any CPU
		{c5552e71-a22d-7028-9a28-b989c9848ee2}.Debug|Any CPU.ActiveCfg = Debug|Any CPU
		{c5552e71-a22d-7028-9a28-b989c9848ee2}.Debug|Any CPU.Build.0 = Debug|Any CPU
		{09ec0cac-c016-324b-0493-6bf9822d2f73}.Debug|Any CPU.ActiveCfg = Debug|Any CPU
		{09ec0cac-c016-324b-0493-6bf9822d2f73}.Debug|Any CPU.Build.0 = Debug|Any CPU
		{7718c950-d33c-e5b6-989b-1be8240323b8}.Debug|Any CPU.ActiveCfg = Debug|Any CPU
		{7718c950-d33c-e5b6-989b-1be8240323b8}.Debug|Any CPU.Build.0 = Debug|Any CPU
		{6c306a54-e0a1-4b5c-77c4-9bf2298cec5f}.Debug|Any CPU.ActiveCfg = Debug|Any CPU
		{6c306a54-e0a1-4b5c-77c4-9bf2298cec5f}.Debug|Any CPU.Build.0 = Debug|Any CPU
		{182c1b5e-6659-fcf0-1909-ddda65c2c5de}.Debug|Any CPU.ActiveCfg = Debug|Any CPU
		{182c1b5e-6659-fcf0-1909-ddda65c2c5de}.Debug|Any CPU.Build.0 = Debug|Any CPU
		{4c72d5c7-9b5c-42fb-3f06-181e664d2d31}.Debug|Any CPU.ActiveCfg = Debug|Any CPU
		{4c72d5c7-9b5c-42fb-3f06-181e664d2d31}.Debug|Any CPU.Build.0 = Debug|Any CPU
		{ba61d501-0008-89ea-8bf1-e70cb9ffaf65}.Debug|Any CPU.ActiveCfg = Debug|Any CPU
		{ba61d501-0008-89ea-8bf1-e70cb9ffaf65}.Debug|Any CPU.Build.0 = Debug|Any CPU
		{1f970eca-c24b-e13a-3cdf-7e8ea19b7465}.Debug|Any CPU.ActiveCfg = Debug|Any CPU
		{1f970eca-c24b-e13a-3cdf-7e8ea19b7465}.Debug|Any CPU.Build.0 = Debug|Any CPU
		{522b336f-ed04-8990-a562-7b5282e67b1d}.Debug|Any CPU.ActiveCfg = Debug|Any CPU
		{522b336f-ed04-8990-a562-7b5282e67b1d}.Debug|Any CPU.Build.0 = Debug|Any CPU
		{7d772b9f-9721-6549-1a9f-92eb9840dfa0}.Debug|Any CPU.ActiveCfg = Debug|Any CPU
		{7d772b9f-9721-6549-1a9f-92eb9840dfa0}.Debug|Any CPU.Build.0 = Debug|Any CPU
		{15c302a5-9c62-5491-d626-cd7cbf9fc08a}.Debug|Any CPU.ActiveCfg = Debug|Any CPU
		{15c302a5-9c62-5491-d626-cd7cbf9fc08a}.Debug|Any CPU.Build.0 = Debug|Any CPU
		{2b1ab5e3-8e6c-2a69-b257-e8e5dbace584}.Debug|Any CPU.ActiveCfg = Debug|Any CPU
		{2b1ab5e3-8e6c-2a69-b257-e8e5dbace584}.Debug|Any CPU.Build.0 = Debug|Any CPU
		{f56f7841-f1b1-5299-b4ca-1fbb6856ee84}.Debug|Any CPU.ActiveCfg = Debug|Any CPU
		{f56f7841-f1b1-5299-b4ca-1fbb6856ee84}.Debug|Any CPU.Build.0 = Debug|Any CPU
		{f9d007cb-de13-3721-a3fc-dc3b54435a10}.Debug|Any CPU.ActiveCfg = Debug|Any CPU
		{f9d007cb-de13-3721-a3fc-dc3b54435a10}.Debug|Any CPU.Build.0 = Debug|Any CPU
		{33fd8b30-632c-57ee-6118-5441601b1dac}.Debug|Any CPU.ActiveCfg = Debug|Any CPU
		{33fd8b30-632c-57ee-6118-5441601b1dac}.Debug|Any CPU.Build.0 = Debug|Any CPU
		{4ca8adb0-6039-037f-fae3-77835e32e7bf}.Debug|Any CPU.ActiveCfg = Debug|Any CPU
		{4ca8adb0-6039-037f-fae3-77835e32e7bf}.Debug|Any CPU.Build.0 = Debug|Any CPU
		{1811b0d0-a12c-a7c0-4f23-de4910340219}.Debug|Any CPU.ActiveCfg = Debug|Any CPU
		{1811b0d0-a12c-a7c0-4f23-de4910340219}.Debug|Any CPU.Build.0 = Debug|Any CPU
		{25a7845a-84f0-7cb5-a992-629b52025b6d}.Debug|Any CPU.ActiveCfg = Debug|Any CPU
		{25a7845a-84f0-7cb5-a992-629b52025b6d}.Debug|Any CPU.Build.0 = Debug|Any CPU
		{b60dbed8-c62a-b278-6d75-f885a3c14ba5}.Debug|Any CPU.ActiveCfg = Debug|Any CPU
		{b60dbed8-c62a-b278-6d75-f885a3c14ba5}.Debug|Any CPU.Build.0 = Debug|Any CPU
		{18a4f885-868b-7714-9c75-ed06e9b503c0}.Debug|Any CPU.ActiveCfg = Debug|Any CPU
		{18a4f885-868b-7714-9c75-ed06e9b503c0}.Debug|Any CPU.Build.0 = Debug|Any CPU
		{5334030c-bf93-d432-7207-5c60f61fe77f}.Debug|Any CPU.ActiveCfg = Debug|Any CPU
		{5334030c-bf93-d432-7207-5c60f61fe77f}.Debug|Any CPU.Build.0 = Debug|Any CPU
		{92af0114-0ac2-4fb9-24f1-e901ca31afb9}.Debug|Any CPU.ActiveCfg = Debug|Any CPU
		{92af0114-0ac2-4fb9-24f1-e901ca31afb9}.Debug|Any CPU.Build.0 = Debug|Any CPU
		{5d275d54-9775-002a-2833-e4de9a9cfad8}.Debug|Any CPU.ActiveCfg = Debug|Any CPU
		{5d275d54-9775-002a-2833-e4de9a9cfad8}.Debug|Any CPU.Build.0 = Debug|Any CPU
		{7036e65a-096b-61b4-620b-e166735dd37e}.Debug|Any CPU.ActiveCfg = Debug|Any CPU
		{7036e65a-096b-61b4-620b-e166735dd37e}.Debug|Any CPU.Build.0 = Debug|Any CPU
		{c1641ac6-2545-2692-ee97-1c0e3326668f}.Debug|Any CPU.ActiveCfg = Debug|Any CPU
		{c1641ac6-2545-2692-ee97-1c0e3326668f}.Debug|Any CPU.Build.0 = Debug|Any CPU
		{f0c955f3-d336-bc90-b426-a3e96970592d}.Debug|Any CPU.ActiveCfg = Debug|Any CPU
		{f0c955f3-d336-bc90-b426-a3e96970592d}.Debug|Any CPU.Build.0 = Debug|Any CPU
		{deccb4a3-4d64-ac42-26c1-af94d49b4673}.Debug|Any CPU.ActiveCfg = Debug|Any CPU
		{deccb4a3-4d64-ac42-26c1-af94d49b4673}.Debug|Any CPU.Build.0 = Debug|Any CPU
		{d944f154-eee7-216c-9b25-457d47bed578}.Debug|Any CPU.ActiveCfg = Debug|Any CPU
		{d944f154-eee7-216c-9b25-457d47bed578}.Debug|Any CPU.Build.0 = Debug|Any CPU
		{3d86ef78-638a-7a9c-43d4-6321525c8fb3}.Debug|Any CPU.ActiveCfg = Debug|Any CPU
		{3d86ef78-638a-7a9c-43d4-6321525c8fb3}.Debug|Any CPU.Build.0 = Debug|Any CPU
		{bacaa2bd-0f75-d7a1-9ea8-f3ea68fe822d}.Debug|Any CPU.ActiveCfg = Debug|Any CPU
		{bacaa2bd-0f75-d7a1-9ea8-f3ea68fe822d}.Debug|Any CPU.Build.0 = Debug|Any CPU
		{97af4cf3-7d23-113d-6c2d-f4e0342a6299}.Debug|Any CPU.ActiveCfg = Debug|Any CPU
		{97af4cf3-7d23-113d-6c2d-f4e0342a6299}.Debug|Any CPU.Build.0 = Debug|Any CPU
		{fbee5c4e-5ed6-12fa-466e-8a6a7b74decc}.Debug|Any CPU.ActiveCfg = Debug|Any CPU
		{fbee5c4e-5ed6-12fa-466e-8a6a7b74decc}.Debug|Any CPU.Build.0 = Debug|Any CPU
	EndGlobalSection
	GlobalSection(SolutionProperties) = preSolution
		HideSolutionNode = FALSE
	EndGlobalSection
EndGlobal
